
Microsoft Visual Studio Solution File, Format Version 12.00
# Visual Studio Version 17
VisualStudioVersion = 17.14.36915.13 d17.14
MinimumVisualStudioVersion = 10.0.40219.1
Project("{FAE04EC0-301F-11D3-BF4B-00C04F79EFBC}") = "Hex_Dumper", "Hex_Dumper.csproj", "{7D639F59-D811-48FA-8487-54A08FBC39E7}"
EndProject
Global
	GlobalSection(SolutionConfigurationPlatforms) = preSolution
		Debug|Any CPU = Debug|Any CPU
		Release|Any CPU = Release|Any CPU
	EndGlobalSection
	GlobalSection(ProjectConfigurationPlatforms) = postSolution
		{7D639F59-D811-48FA-8487-54A08FBC39E7}.Debug|Any CPU.ActiveCfg = Debug|Any CPU
		{7D639F59-D811-48FA-8487-54A08FBC39E7}.Debug|Any CPU.Build.0 = Debug|Any CPU
		{7D639F59-D811-48FA-8487-54A08FBC39E7}.Release|Any CPU.ActiveCfg = Release|Any CPU
		{7D639F59-D811-48FA-8487-54A08FBC39E7}.Release|Any CPU.Build.0 = Release|Any CPU
	EndGlobalSection
	GlobalSection(SolutionProperties) = preSolution
		HideSolutionNode = FALSE
	EndGlobalSection
	GlobalSection(ExtensibilityGlobals) = postSolution
		SolutionGuid = {E1D97DC2-1E52-42FA-AA5D-772D28523F56}
	EndGlobalSection
EndGlobal
